// !$*UTF8*$!
{
	archiveVersion = 1;
	classes = {
	};
	objectVersion = 46;
	objects = {

/* Begin PBXBuildFile section */
		630C99C51C0D8D900093870D /* HouseTableCell.swift in Sources */ = {isa = PBXBuildFile; fileRef = 630C99C41C0D8D900093870D /* HouseTableCell.swift */; };
		631DA6C31C0BF26700CE52EF /* BuyViewController.swift in Sources */ = {isa = PBXBuildFile; fileRef = 631DA6C21C0BF26700CE52EF /* BuyViewController.swift */; };
		632903191C0E8A5000906A34 /* RentViewController.swift in Sources */ = {isa = PBXBuildFile; fileRef = 632903181C0E8A5000906A34 /* RentViewController.swift */; };
		634DC5021BE99AB400757904 /* AppDelegate.swift in Sources */ = {isa = PBXBuildFile; fileRef = 634DC5011BE99AB400757904 /* AppDelegate.swift */; };
		634DC5071BE99AB400757904 /* Main.storyboard in Resources */ = {isa = PBXBuildFile; fileRef = 634DC5051BE99AB400757904 /* Main.storyboard */; };
		634DC50A1BE99AB400757904 /* BuyVsRent.xcdatamodeld in Sources */ = {isa = PBXBuildFile; fileRef = 634DC5081BE99AB400757904 /* BuyVsRent.xcdatamodeld */; };
		634DC50C1BE99AB400757904 /* Assets.xcassets in Resources */ = {isa = PBXBuildFile; fileRef = 634DC50B1BE99AB400757904 /* Assets.xcassets */; };
		634DC50F1BE99AB400757904 /* LaunchScreen.storyboard in Resources */ = {isa = PBXBuildFile; fileRef = 634DC50D1BE99AB400757904 /* LaunchScreen.storyboard */; };
		634DC51A1BE99AB500757904 /* BuyVsRentTests.swift in Sources */ = {isa = PBXBuildFile; fileRef = 634DC5191BE99AB500757904 /* BuyVsRentTests.swift */; };
		634DC5251BE99AB500757904 /* BuyVsRentUITests.swift in Sources */ = {isa = PBXBuildFile; fileRef = 634DC5241BE99AB500757904 /* BuyVsRentUITests.swift */; };
		635AE1FA1C101DB2005AA40F /* HouseViewController.swift in Sources */ = {isa = PBXBuildFile; fileRef = 635AE1F91C101DB2005AA40F /* HouseViewController.swift */; };
		63B5A4DE1C13A0B2002F2197 /* RecommendationViewController.swift in Sources */ = {isa = PBXBuildFile; fileRef = 63B5A4DD1C13A0B2002F2197 /* RecommendationViewController.swift */; };
/* End PBXBuildFile section */

/* Begin PBXContainerItemProxy section */
		634DC5161BE99AB500757904 /* PBXContainerItemProxy */ = {
			isa = PBXContainerItemProxy;
			containerPortal = 634DC4F61BE99AB400757904 /* Project object */;
			proxyType = 1;
			remoteGlobalIDString = 634DC4FD1BE99AB400757904;
			remoteInfo = BuyVsRent;
		};
		634DC5211BE99AB500757904 /* PBXContainerItemProxy */ = {
			isa = PBXContainerItemProxy;
			containerPortal = 634DC4F61BE99AB400757904 /* Project object */;
			proxyType = 1;
			remoteGlobalIDString = 634DC4FD1BE99AB400757904;
			remoteInfo = BuyVsRent;
		};
/* End PBXContainerItemProxy section */

/* Begin PBXFileReference section */
		630C99C41C0D8D900093870D /* HouseTableCell.swift */ = {isa = PBXFileReference; fileEncoding = 4; lastKnownFileType = sourcecode.swift; path = HouseTableCell.swift; sourceTree = "<group>"; };
		631DA6C21C0BF26700CE52EF /* BuyViewController.swift */ = {isa = PBXFileReference; fileEncoding = 4; lastKnownFileType = sourcecode.swift; path = BuyViewController.swift; sourceTree = "<group>"; };
		632903181C0E8A5000906A34 /* RentViewController.swift */ = {isa = PBXFileReference; fileEncoding = 4; lastKnownFileType = sourcecode.swift; path = RentViewController.swift; sourceTree = "<group>"; };
		634DC4FE1BE99AB400757904 /* BuyVsRent.app */ = {isa = PBXFileReference; explicitFileType = wrapper.application; includeInIndex = 0; path = BuyVsRent.app; sourceTree = BUILT_PRODUCTS_DIR; };
		634DC5011BE99AB400757904 /* AppDelegate.swift */ = {isa = PBXFileReference; lastKnownFileType = sourcecode.swift; path = AppDelegate.swift; sourceTree = "<group>"; };
		634DC5061BE99AB400757904 /* Base */ = {isa = PBXFileReference; lastKnownFileType = file.storyboard; name = Base; path = Base.lproj/Main.storyboard; sourceTree = "<group>"; };
		634DC5091BE99AB400757904 /* BuyVsRent.xcdatamodel */ = {isa = PBXFileReference; lastKnownFileType = wrapper.xcdatamodel; path = BuyVsRent.xcdatamodel; sourceTree = "<group>"; };
		634DC50B1BE99AB400757904 /* Assets.xcassets */ = {isa = PBXFileReference; lastKnownFileType = folder.assetcatalog; path = Assets.xcassets; sourceTree = "<group>"; };
		634DC50E1BE99AB400757904 /* Base */ = {isa = PBXFileReference; lastKnownFileType = file.storyboard; name = Base; path = Base.lproj/LaunchScreen.storyboard; sourceTree = "<group>"; };
		634DC5101BE99AB400757904 /* Info.plist */ = {isa = PBXFileReference; lastKnownFileType = text.plist.xml; path = Info.plist; sourceTree = "<group>"; };
		634DC5151BE99AB500757904 /* BuyVsRentTests.xctest */ = {isa = PBXFileReference; explicitFileType = wrapper.cfbundle; includeInIndex = 0; path = BuyVsRentTests.xctest; sourceTree = BUILT_PRODUCTS_DIR; };
		634DC5191BE99AB500757904 /* BuyVsRentTests.swift */ = {isa = PBXFileReference; lastKnownFileType = sourcecode.swift; path = BuyVsRentTests.swift; sourceTree = "<group>"; };
		634DC51B1BE99AB500757904 /* Info.plist */ = {isa = PBXFileReference; lastKnownFileType = text.plist.xml; path = Info.plist; sourceTree = "<group>"; };
		634DC5201BE99AB500757904 /* BuyVsRentUITests.xctest */ = {isa = PBXFileReference; explicitFileType = wrapper.cfbundle; includeInIndex = 0; path = BuyVsRentUITests.xctest; sourceTree = BUILT_PRODUCTS_DIR; };
		634DC5241BE99AB500757904 /* BuyVsRentUITests.swift */ = {isa = PBXFileReference; lastKnownFileType = sourcecode.swift; path = BuyVsRentUITests.swift; sourceTree = "<group>"; };
		634DC5261BE99AB500757904 /* Info.plist */ = {isa = PBXFileReference; lastKnownFileType = text.plist.xml; path = Info.plist; sourceTree = "<group>"; };
		635AE1F91C101DB2005AA40F /* HouseViewController.swift */ = {isa = PBXFileReference; fileEncoding = 4; lastKnownFileType = sourcecode.swift; path = HouseViewController.swift; sourceTree = "<group>"; };
		63B5A4DD1C13A0B2002F2197 /* RecommendationViewController.swift */ = {isa = PBXFileReference; fileEncoding = 4; lastKnownFileType = sourcecode.swift; path = RecommendationViewController.swift; sourceTree = "<group>"; };
/* End PBXFileReference section */

/* Begin PBXFrameworksBuildPhase section */
		634DC4FB1BE99AB400757904 /* Frameworks */ = {
			isa = PBXFrameworksBuildPhase;
			buildActionMask = 2147483647;
			files = (
			);
			runOnlyForDeploymentPostprocessing = 0;
		};
		634DC5121BE99AB500757904 /* Frameworks */ = {
			isa = PBXFrameworksBuildPhase;
			buildActionMask = 2147483647;
			files = (
			);
			runOnlyForDeploymentPostprocessing = 0;
		};
		634DC51D1BE99AB500757904 /* Frameworks */ = {
			isa = PBXFrameworksBuildPhase;
			buildActionMask = 2147483647;
			files = (
			);
			runOnlyForDeploymentPostprocessing = 0;
		};
/* End PBXFrameworksBuildPhase section */

/* Begin PBXGroup section */
		6329031A1C0E9CD300906A34 /* viewControllers */ = {
			isa = PBXGroup;
			children = (
				631DA6C21C0BF26700CE52EF /* BuyViewController.swift */,
				63B5A4DD1C13A0B2002F2197 /* RecommendationViewController.swift */,
				635AE1F91C101DB2005AA40F /* HouseViewController.swift */,
				632903181C0E8A5000906A34 /* RentViewController.swift */,
			);
			name = viewControllers;
			sourceTree = "<group>";
		};
		634DC4F51BE99AB400757904 = {
			isa = PBXGroup;
			children = (
				634DC5001BE99AB400757904 /* BuyVsRent */,
				634DC5181BE99AB500757904 /* BuyVsRentTests */,
				634DC5231BE99AB500757904 /* BuyVsRentUITests */,
				634DC4FF1BE99AB400757904 /* Products */,
			);
			sourceTree = "<group>";
		};
		634DC4FF1BE99AB400757904 /* Products */ = {
			isa = PBXGroup;
			children = (
				634DC4FE1BE99AB400757904 /* BuyVsRent.app */,
				634DC5151BE99AB500757904 /* BuyVsRentTests.xctest */,
				634DC5201BE99AB500757904 /* BuyVsRentUITests.xctest */,
			);
			name = Products;
			sourceTree = "<group>";
		};
		634DC5001BE99AB400757904 /* BuyVsRent */ = {
			isa = PBXGroup;
			children = (
				634DC5011BE99AB400757904 /* AppDelegate.swift */,
				634DC5051BE99AB400757904 /* Main.storyboard */,
				630C99C41C0D8D900093870D /* HouseTableCell.swift */,
				6329031A1C0E9CD300906A34 /* viewControllers */,
				634DC50B1BE99AB400757904 /* Assets.xcassets */,
				634DC50D1BE99AB400757904 /* LaunchScreen.storyboard */,
				634DC5101BE99AB400757904 /* Info.plist */,
				634DC5081BE99AB400757904 /* BuyVsRent.xcdatamodeld */,
			);
			path = BuyVsRent;
			sourceTree = "<group>";
		};
		634DC5181BE99AB500757904 /* BuyVsRentTests */ = {
			isa = PBXGroup;
			children = (
				634DC5191BE99AB500757904 /* BuyVsRentTests.swift */,
				634DC51B1BE99AB500757904 /* Info.plist */,
			);
			path = BuyVsRentTests;
			sourceTree = "<group>";
		};
		634DC5231BE99AB500757904 /* BuyVsRentUITests */ = {
			isa = PBXGroup;
			children = (
				634DC5241BE99AB500757904 /* BuyVsRentUITests.swift */,
				634DC5261BE99AB500757904 /* Info.plist */,
			);
			path = BuyVsRentUITests;
			sourceTree = "<group>";
		};
/* End PBXGroup section */

/* Begin PBXNativeTarget section */
		634DC4FD1BE99AB400757904 /* BuyVsRent */ = {
			isa = PBXNativeTarget;
			buildConfigurationList = 634DC5291BE99AB500757904 /* Build configuration list for PBXNativeTarget "BuyVsRent" */;
			buildPhases = (
				634DC4FA1BE99AB400757904 /* Sources */,
				634DC4FB1BE99AB400757904 /* Frameworks */,
				634DC4FC1BE99AB400757904 /* Resources */,
			);
			buildRules = (
			);
			dependencies = (
			);
			name = BuyVsRent;
			productName = BuyVsRent;
			productReference = 634DC4FE1BE99AB400757904 /* BuyVsRent.app */;
			productType = "com.apple.product-type.application";
		};
		634DC5141BE99AB500757904 /* BuyVsRentTests */ = {
			isa = PBXNativeTarget;
			buildConfigurationList = 634DC52C1BE99AB500757904 /* Build configuration list for PBXNativeTarget "BuyVsRentTests" */;
			buildPhases = (
				634DC5111BE99AB500757904 /* Sources */,
				634DC5121BE99AB500757904 /* Frameworks */,
				634DC5131BE99AB500757904 /* Resources */,
			);
			buildRules = (
			);
			dependencies = (
				634DC5171BE99AB500757904 /* PBXTargetDependency */,
			);
			name = BuyVsRentTests;
			productName = BuyVsRentTests;
			productReference = 634DC5151BE99AB500757904 /* BuyVsRentTests.xctest */;
			productType = "com.apple.product-type.bundle.unit-test";
		};
		634DC51F1BE99AB500757904 /* BuyVsRentUITests */ = {
			isa = PBXNativeTarget;
			buildConfigurationList = 634DC52F1BE99AB500757904 /* Build configuration list for PBXNativeTarget "BuyVsRentUITests" */;
			buildPhases = (
				634DC51C1BE99AB500757904 /* Sources */,
				634DC51D1BE99AB500757904 /* Frameworks */,
				634DC51E1BE99AB500757904 /* Resources */,
			);
			buildRules = (
			);
			dependencies = (
				634DC5221BE99AB500757904 /* PBXTargetDependency */,
			);
			name = BuyVsRentUITests;
			productName = BuyVsRentUITests;
			productReference = 634DC5201BE99AB500757904 /* BuyVsRentUITests.xctest */;
			productType = "com.apple.product-type.bundle.ui-testing";
		};
/* End PBXNativeTarget section */

/* Begin PBXProject section */
		634DC4F61BE99AB400757904 /* Project object */ = {
			isa = PBXProject;
			attributes = {
				LastSwiftUpdateCheck = 0710;
				LastUpgradeCheck = 0710;
				ORGANIZATIONNAME = "David English";
				TargetAttributes = {
					634DC4FD1BE99AB400757904 = {
						CreatedOnToolsVersion = 7.1;
					};
					634DC5141BE99AB500757904 = {
						CreatedOnToolsVersion = 7.1;
						TestTargetID = 634DC4FD1BE99AB400757904;
					};
					634DC51F1BE99AB500757904 = {
						CreatedOnToolsVersion = 7.1;
						TestTargetID = 634DC4FD1BE99AB400757904;
					};
				};
			};
			buildConfigurationList = 634DC4F91BE99AB400757904 /* Build configuration list for PBXProject "BuyVsRent" */;
			compatibilityVersion = "Xcode 3.2";
			developmentRegion = English;
			hasScannedForEncodings = 0;
			knownRegions = (
				en,
				Base,
			);
			mainGroup = 634DC4F51BE99AB400757904;
			productRefGroup = 634DC4FF1BE99AB400757904 /* Products */;
			projectDirPath = "";
			projectRoot = "";
			targets = (
				634DC4FD1BE99AB400757904 /* BuyVsRent */,
				634DC5141BE99AB500757904 /* BuyVsRentTests */,
				634DC51F1BE99AB500757904 /* BuyVsRentUITests */,
			);
		};
/* End PBXProject section */

/* Begin PBXResourcesBuildPhase section */
		634DC4FC1BE99AB400757904 /* Resources */ = {
			isa = PBXResourcesBuildPhase;
			buildActionMask = 2147483647;
			files = (
				634DC50F1BE99AB400757904 /* LaunchScreen.storyboard in Resources */,
				634DC50C1BE99AB400757904 /* Assets.xcassets in Resources */,
				634DC5071BE99AB400757904 /* Main.storyboard in Resources */,
			);
			runOnlyForDeploymentPostprocessing = 0;
		};
		634DC5131BE99AB500757904 /* Resources */ = {
			isa = PBXResourcesBuildPhase;
			buildActionMask = 2147483647;
			files = (
			);
			runOnlyForDeploymentPostprocessing = 0;
		};
		634DC51E1BE99AB500757904 /* Resources */ = {
			isa = PBXResourcesBuildPhase;
			buildActionMask = 2147483647;
			files = (
			);
			runOnlyForDeploymentPostprocessing = 0;
		};
/* End PBXResourcesBuildPhase section */

/* Begin PBXSourcesBuildPhase section */
		634DC4FA1BE99AB400757904 /* Sources */ = {
			isa = PBXSourcesBuildPhase;
			buildActionMask = 2147483647;
			files = (
				632903191C0E8A5000906A34 /* RentViewController.swift in Sources */,
				631DA6C31C0BF26700CE52EF /* BuyViewController.swift in Sources */,
				634DC50A1BE99AB400757904 /* BuyVsRent.xcdatamodeld in Sources */,
				635AE1FA1C101DB2005AA40F /* HouseViewController.swift in Sources */,
				630C99C51C0D8D900093870D /* HouseTableCell.swift in Sources */,
				63B5A4DE1C13A0B2002F2197 /* RecommendationViewController.swift in Sources */,
				634DC5021BE99AB400757904 /* AppDelegate.swift in Sources */,
			);
			runOnlyForDeploymentPostprocessing = 0;
		};
		634DC5111BE99AB500757904 /* Sources */ = {
			isa = PBXSourcesBuildPhase;
			buildActionMask = 2147483647;
			files = (
				634DC51A1BE99AB500757904 /* BuyVsRentTests.swift in Sources */,
			);
			runOnlyForDeploymentPostprocessing = 0;
		};
		634DC51C1BE99AB500757904 /* Sources */ = {
			isa = PBXSourcesBuildPhase;
			buildActionMask = 2147483647;
			files = (
				634DC5251BE99AB500757904 /* BuyVsRentUITests.swift in Sources */,
			);
			runOnlyForDeploymentPostprocessing = 0;
		};
/* End PBXSourcesBuildPhase section */

/* Begin PBXTargetDependency section */
		634DC5171BE99AB500757904 /* PBXTargetDependency */ = {
			isa = PBXTargetDependency;
			target = 634DC4FD1BE99AB400757904 /* BuyVsRent */;
			targetProxy = 634DC5161BE99AB500757904 /* PBXContainerItemProxy */;
		};
		634DC5221BE99AB500757904 /* PBXTargetDependency */ = {
			isa = PBXTargetDependency;
			target = 634DC4FD1BE99AB400757904 /* BuyVsRent */;
			targetProxy = 634DC5211BE99AB500757904 /* PBXContainerItemProxy */;
		};
/* End PBXTargetDependency section */

/* Begin PBXVariantGroup section */
		634DC5051BE99AB400757904 /* Main.storyboard */ = {
			isa = PBXVariantGroup;
			children = (
				634DC5061BE99AB400757904 /* Base */,
			);
			name = Main.storyboard;
			sourceTree = "<group>";
		};
		634DC50D1BE99AB400757904 /* LaunchScreen.storyboard */ = {
			isa = PBXVariantGroup;
			children = (
				634DC50E1BE99AB400757904 /* Base */,
			);
			name = LaunchScreen.storyboard;
			sourceTree = "<group>";
		};
/* End PBXVariantGroup section */

/* Begin XCBuildConfiguration section */
		634DC5271BE99AB500757904 /* Debug */ = {
			isa = XCBuildConfiguration;
			buildSettings = {
				ALWAYS_SEARCH_USER_PATHS = NO;
				CLANG_CXX_LANGUAGE_STANDARD = "gnu++0x";
				CLANG_CXX_LIBRARY = "libc++";
				CLANG_ENABLE_MODULES = YES;
				CLANG_ENABLE_OBJC_ARC = YES;
				CLANG_WARN_BOOL_CONVERSION = YES;
				CLANG_WARN_CONSTANT_CONVERSION = YES;
				CLANG_WARN_DIRECT_OBJC_ISA_USAGE = YES_ERROR;
				CLANG_WARN_EMPTY_BODY = YES;
				CLANG_WARN_ENUM_CONVERSION = YES;
				CLANG_WARN_INT_CONVERSION = YES;
				CLANG_WARN_OBJC_ROOT_CLASS = YES_ERROR;
				CLANG_WARN_UNREACHABLE_CODE = YES;
				CLANG_WARN__DUPLICATE_METHOD_MATCH = YES;
				"CODE_SIGN_IDENTITY[sdk=iphoneos*]" = "iPhone Developer";
				COPY_PHASE_STRIP = NO;
				DEBUG_INFORMATION_FORMAT = dwarf;
				ENABLE_STRICT_OBJC_MSGSEND = YES;
				ENABLE_TESTABILITY = YES;
				GCC_C_LANGUAGE_STANDARD = gnu99;
				GCC_DYNAMIC_NO_PIC = NO;
				GCC_NO_COMMON_BLOCKS = YES;
				GCC_OPTIMIZATION_LEVEL = 0;
				GCC_PREPROCESSOR_DEFINITIONS = (
					"DEBUG=1",
					"$(inherited)",
				);
				GCC_WARN_64_TO_32_BIT_CONVERSION = YES;
				GCC_WARN_ABOUT_RETURN_TYPE = YES_ERROR;
				GCC_WARN_UNDECLARED_SELECTOR = YES;
				GCC_WARN_UNINITIALIZED_AUTOS = YES_AGGRESSIVE;
				GCC_WARN_UNUSED_FUNCTION = YES;
				GCC_WARN_UNUSED_VARIABLE = YES;
				IPHONEOS_DEPLOYMENT_TARGET = 9.1;
				MTL_ENABLE_DEBUG_INFO = YES;
				ONLY_ACTIVE_ARCH = YES;
				SDKROOT = iphoneos;
				SWIFT_OPTIMIZATION_LEVEL = "-Onone";
				TARGETED_DEVICE_FAMILY = "1,2";
			};
			name = Debug;
		};
		634DC5281BE99AB500757904 /* Release */ = {
			isa = XCBuildConfiguration;
			buildSettings = {
				ALWAYS_SEARCH_USER_PATHS = NO;
				CLANG_CXX_LANGUAGE_STANDARD = "gnu++0x";
				CLANG_CXX_LIBRARY = "libc++";
				CLANG_ENABLE_MODULES = YES;
				CLANG_ENABLE_OBJC_ARC = YES;
				CLANG_WARN_BOOL_CONVERSION = YES;
				CLANG_WARN_CONSTANT_CONVERSION = YES;
				CLANG_WARN_DIRECT_OBJC_ISA_USAGE = YES_ERROR;
				CLANG_WARN_EMPTY_BODY = YES;
				CLANG_WARN_ENUM_CONVERSION = YES;
				CLANG_WARN_INT_CONVERSION = YES;
				CLANG_WARN_OBJC_ROOT_CLASS = YES_ERROR;
				CLANG_WARN_UNREACHABLE_CODE = YES;
				CLANG_WARN__DUPLICATE_METHOD_MATCH = YES;
				"CODE_SIGN_IDENTITY[sdk=iphoneos*]" = "iPhone Developer";
				COPY_PHASE_STRIP = NO;
				DEBUG_INFORMATION_FORMAT = "dwarf-with-dsym";
				ENABLE_NS_ASSERTIONS = NO;
				ENABLE_STRICT_OBJC_MSGSEND = YES;
				GCC_C_LANGUAGE_STANDARD = gnu99;
				GCC_NO_COMMON_BLOCKS = YES;
				GCC_WARN_64_TO_32_BIT_CONVERSION = YES;
				GCC_WARN_ABOUT_RETURN_TYPE = YES_ERROR;
				GCC_WARN_UNDECLARED_SELECTOR = YES;
				GCC_WARN_UNINITIALIZED_AUTOS = YES_AGGRESSIVE;
				GCC_WARN_UNUSED_FUNCTION = YES;
				GCC_WARN_UNUSED_VARIABLE = YES;
				IPHONEOS_DEPLOYMENT_TARGET = 9.1;
				MTL_ENABLE_DEBUG_INFO = NO;
				SDKROOT = iphoneos;
				TARGETED_DEVICE_FAMILY = "1,2";
				VALIDATE_PRODUCT = YES;
			};
			name = Release;
		};
		634DC52A1BE99AB500757904 /* Debug */ = {
			isa = XCBuildConfiguration;
			buildSettings = {
				ASSETCATALOG_COMPILER_APPICON_NAME = AppIcon;
				INFOPLIST_FILE = BuyVsRent/Info.plist;
				LD_RUNPATH_SEARCH_PATHS = "$(inherited) @executable_path/Frameworks";
				PRODUCT_BUNDLE_IDENTIFIER = davidenglish.BuyVsRent;
				PRODUCT_NAME = "$(TARGET_NAME)";
			};
			name = Debug;
		};
		634DC52B1BE99AB500757904 /* Release */ = {
			isa = XCBuildConfiguration;
			buildSettings = {
				ASSETCATALOG_COMPILER_APPICON_NAME = AppIcon;
				INFOPLIST_FILE = BuyVsRent/Info.plist;
				LD_RUNPATH_SEARCH_PATHS = "$(inherited) @executable_path/Frameworks";
				PRODUCT_BUNDLE_IDENTIFIER = davidenglish.BuyVsRent;
				PRODUCT_NAME = "$(TARGET_NAME)";
			};
			name = Release;
		};
		634DC52D1BE99AB500757904 /* Debug */ = {
			isa = XCBuildConfiguration;
			buildSettings = {
				BUNDLE_LOADER = "$(TEST_HOST)";
				INFOPLIST_FILE = BuyVsRentTests/Info.plist;
				LD_RUNPATH_SEARCH_PATHS = "$(inherited) @executable_path/Frameworks @loader_path/Frameworks";
				PRODUCT_BUNDLE_IDENTIFIER = davidenglish.BuyVsRentTests;
				PRODUCT_NAME = "$(TARGET_NAME)";
				TEST_HOST = "$(BUILT_PRODUCTS_DIR)/BuyVsRent.app/BuyVsRent";
			};
			name = Debug;
		};
		634DC52E1BE99AB500757904 /* Release */ = {
			isa = XCBuildConfiguration;
			buildSettings = {
				BUNDLE_LOADER = "$(TEST_HOST)";
				INFOPLIST_FILE = BuyVsRentTests/Info.plist;
				LD_RUNPATH_SEARCH_PATHS = "$(inherited) @executable_path/Frameworks @loader_path/Frameworks";
				PRODUCT_BUNDLE_IDENTIFIER = davidenglish.BuyVsRentTests;
				PRODUCT_NAME = "$(TARGET_NAME)";
				TEST_HOST = "$(BUILT_PRODUCTS_DIR)/BuyVsRent.app/BuyVsRent";
			};
			name = Release;
		};
		634DC5301BE99AB500757904 /* Debug */ = {
			isa = XCBuildConfiguration;
			buildSettings = {
				INFOPLIST_FILE = BuyVsRentUITests/Info.plist;
				LD_RUNPATH_SEARCH_PATHS = "$(inherited) @executable_path/Frameworks @loader_path/Frameworks";
				PRODUCT_BUNDLE_IDENTIFIER = davidenglish.BuyVsRentUITests;
				PRODUCT_NAME = "$(TARGET_NAME)";
				TEST_TARGET_NAME = BuyVsRent;
				USES_XCTRUNNER = YES;
			};
			name = Debug;
		};
		634DC5311BE99AB500757904 /* Release */ = {
			isa = XCBuildConfiguration;
			buildSettings = {
				INFOPLIST_FILE = BuyVsRentUITests/Info.plist;
				LD_RUNPATH_SEARCH_PATHS = "$(inherited) @executable_path/Frameworks @loader_path/Frameworks";
				PRODUCT_BUNDLE_IDENTIFIER = davidenglish.BuyVsRentUITests;
				PRODUCT_NAME = "$(TARGET_NAME)";
				TEST_TARGET_NAME = BuyVsRent;
				USES_XCTRUNNER = YES;
			};
			name = Release;
		};
/* End XCBuildConfiguration section */

/* Begin XCConfigurationList section */
		634DC4F91BE99AB400757904 /* Build configuration list for PBXProject "BuyVsRent" */ = {
			isa = XCConfigurationList;
			buildConfigurations = (
				634DC5271BE99AB500757904 /* Debug */,
				634DC5281BE99AB500757904 /* Release */,
			);
			defaultConfigurationIsVisible = 0;
			defaultConfigurationName = Release;
		};
		634DC5291BE99AB500757904 /* Build configuration list for PBXNativeTarget "BuyVsRent" */ = {
			isa = XCConfigurationList;
			buildConfigurations = (
				634DC52A1BE99AB500757904 /* Debug */,
				634DC52B1BE99AB500757904 /* Release */,
			);
			defaultConfigurationIsVisible = 0;
			defaultConfigurationName = Release;
		};
		634DC52C1BE99AB500757904 /* Build configuration list for PBXNativeTarget "BuyVsRentTests" */ = {
			isa = XCConfigurationList;
			buildConfigurations = (
				634DC52D1BE99AB500757904 /* Debug */,
				634DC52E1BE99AB500757904 /* Release */,
			);
			defaultConfigurationIsVisible = 0;
			defaultConfigurationName = Release;
		};
		634DC52F1BE99AB500757904 /* Build configuration list for PBXNativeTarget "BuyVsRentUITests" */ = {
			isa = XCConfigurationList;
			buildConfigurations = (
				634DC5301BE99AB500757904 /* Debug */,
				634DC5311BE99AB500757904 /* Release */,
			);
			defaultConfigurationIsVisible = 0;
			defaultConfigurationName = Release;
		};
/* End XCConfigurationList section */

/* Begin XCVersionGroup section */
		634DC5081BE99AB400757904 /* BuyVsRent.xcdatamodeld */ = {
			isa = XCVersionGroup;
			children = (
				634DC5091BE99AB400757904 /* BuyVsRent.xcdatamodel */,
			);
			currentVersion = 634DC5091BE99AB400757904 /* BuyVsRent.xcdatamodel */;
			path = BuyVsRent.xcdatamodeld;
			sourceTree = "<group>";
			versionGroupType = wrapper.xcdatamodel;
		};
/* End XCVersionGroup section */
	};
	rootObject = 634DC4F61BE99AB400757904 /* Project object */;
}
